
Microsoft Visual Studio Solution File, Format Version 12.00
# Visual Studio 14
VisualStudioVersion = 14.0.25123.0
MinimumVisualStudioVersion = 10.0.40219.1
Project("{E24C65DC-7377-472B-9ABA-BC803B73C61A}") = "astrocalc.web", "astrocalc.web\", "{E76B52A9-A05C-4C62-83BC-BFA3A1F4F9FD}"
	ProjectSection(WebsiteProperties) = preProject
		TargetFrameworkMoniker = ".NETFramework,Version%3Dv4.5.2"
		Debug.AspNetCompiler.VirtualPath = "/localhost_46722"
		Debug.AspNetCompiler.PhysicalPath = "astrocalc.web\"
		Debug.AspNetCompiler.TargetPath = "PrecompiledWeb\localhost_46722\"
		Debug.AspNetCompiler.Updateable = "true"
		Debug.AspNetCompiler.ForceOverwrite = "true"
		Debug.AspNetCompiler.FixedNames = "false"
		Debug.AspNetCompiler.Debug = "True"
		Release.AspNetCompiler.VirtualPath = "/localhost_46722"
		Release.AspNetCompiler.PhysicalPath = "astrocalc.web\"
		Release.AspNetCompiler.TargetPath = "PrecompiledWeb\localhost_46722\"
		Release.AspNetCompiler.Updateable = "true"
		Release.AspNetCompiler.ForceOverwrite = "true"
		Release.AspNetCompiler.FixedNames = "false"
		Release.AspNetCompiler.Debug = "False"
		VWDPort = "46722"
		SlnRelativePath = "astrocalc.web\"
		DefaultWebSiteLanguage = "Visual C#"
	EndProjectSection
EndProject
Project("{FAE04EC0-301F-11D3-BF4B-00C04F79EFBC}") = "astrocalc.app", "astrocalc.app\astrocalc.app.csproj", "{4DC4E293-44D4-4965-80EE-16F33885C1BF}"
EndProject
Project("{FAE04EC0-301F-11D3-BF4B-00C04F79EFBC}") = "astrocalc.test", "astrocalc.test\astrocalc.test.csproj", "{711F2147-CF50-4293-A8A3-00B41D947C61}"
EndProject
Project("{FAE04EC0-301F-11D3-BF4B-00C04F79EFBC}") = "astrocalc.api", "astrocalc.api\astrocalc.api.csproj", "{F303E04C-09FC-4147-81EA-8212E6E51E44}"
EndProject
Global
	GlobalSection(SolutionConfigurationPlatforms) = preSolution
		Debug|Any CPU = Debug|Any CPU
		Release|Any CPU = Release|Any CPU
	EndGlobalSection
	GlobalSection(ProjectConfigurationPlatforms) = postSolution
		{E76B52A9-A05C-4C62-83BC-BFA3A1F4F9FD}.Debug|Any CPU.ActiveCfg = Debug|Any CPU
		{E76B52A9-A05C-4C62-83BC-BFA3A1F4F9FD}.Debug|Any CPU.Build.0 = Debug|Any CPU
		{E76B52A9-A05C-4C62-83BC-BFA3A1F4F9FD}.Release|Any CPU.ActiveCfg = Debug|Any CPU
		{E76B52A9-A05C-4C62-83BC-BFA3A1F4F9FD}.Release|Any CPU.Build.0 = Debug|Any CPU
		{4DC4E293-44D4-4965-80EE-16F33885C1BF}.Debug|Any CPU.ActiveCfg = Debug|Any CPU
		{4DC4E293-44D4-4965-80EE-16F33885C1BF}.Debug|Any CPU.Build.0 = Debug|Any CPU
		{4DC4E293-44D4-4965-80EE-16F33885C1BF}.Release|Any CPU.ActiveCfg = Release|Any CPU
		{4DC4E293-44D4-4965-80EE-16F33885C1BF}.Release|Any CPU.Build.0 = Release|Any CPU
		{711F2147-CF50-4293-A8A3-00B41D947C61}.Debug|Any CPU.ActiveCfg = Debug|Any CPU
		{711F2147-CF50-4293-A8A3-00B41D947C61}.Debug|Any CPU.Build.0 = Debug|Any CPU
		{711F2147-CF50-4293-A8A3-00B41D947C61}.Release|Any CPU.ActiveCfg = Release|Any CPU
		{711F2147-CF50-4293-A8A3-00B41D947C61}.Release|Any CPU.Build.0 = Release|Any CPU
		{F303E04C-09FC-4147-81EA-8212E6E51E44}.Debug|Any CPU.ActiveCfg = Debug|Any CPU
		{F303E04C-09FC-4147-81EA-8212E6E51E44}.Debug|Any CPU.Build.0 = Debug|Any CPU
		{F303E04C-09FC-4147-81EA-8212E6E51E44}.Release|Any CPU.ActiveCfg = Release|Any CPU
		{F303E04C-09FC-4147-81EA-8212E6E51E44}.Release|Any CPU.Build.0 = Release|Any CPU
	EndGlobalSection
	GlobalSection(SolutionProperties) = preSolution
		HideSolutionNode = FALSE
	EndGlobalSection
EndGlobal
